
Microsoft Visual Studio Solution File, Format Version 11.00
# Visual Studio 2010
Project("{FAE04EC0-301F-11D3-BF4B-00C04F79EFBC}") = "WebApplication1", "WebApplication1\WebApplication1.csproj", "{9FBE288D-8333-4C51-9D15-7ECA55696F10}"
EndProject
Project("{FAE04EC0-301F-11D3-BF4B-00C04F79EFBC}") = "BusinessLogic", "BusinessLogic\BusinessLogic.csproj", "{CC520223-8648-4BCE-898E-7599AE40EEAB}"
EndProject
Project("{FAE04EC0-301F-11D3-BF4B-00C04F79EFBC}") = "BusinessObject", "BusinessObject\BusinessObject.csproj", "{6AC6099B-5172-4235-B291-12D4D37ED29A}"
EndProject
Project("{FAE04EC0-301F-11D3-BF4B-00C04F79EFBC}") = "DataAccessLayer", "DataAccessLayer\DataAccessLayer.csproj", "{64F5497D-338E-4BF9-9691-9200E46D2C71}"
EndProject
Global
	GlobalSection(SolutionConfigurationPlatforms) = preSolution
		Debug|Any CPU = Debug|Any CPU
		Release|Any CPU = Release|Any CPU
	EndGlobalSection
	GlobalSection(ProjectConfigurationPlatforms) = postSolution
		{9FBE288D-8333-4C51-9D15-7ECA55696F10}.Debug|Any CPU.ActiveCfg = Debug|Any CPU
		{9FBE288D-8333-4C51-9D15-7ECA55696F10}.Debug|Any CPU.Build.0 = Debug|Any CPU
		{9FBE288D-8333-4C51-9D15-7ECA55696F10}.Release|Any CPU.ActiveCfg = Release|Any CPU
		{9FBE288D-8333-4C51-9D15-7ECA55696F10}.Release|Any CPU.Build.0 = Release|Any CPU
		{CC520223-8648-4BCE-898E-7599AE40EEAB}.Debug|Any CPU.ActiveCfg = Debug|Any CPU
		{CC520223-8648-4BCE-898E-7599AE40EEAB}.Debug|Any CPU.Build.0 = Debug|Any CPU
		{CC520223-8648-4BCE-898E-7599AE40EEAB}.Release|Any CPU.ActiveCfg = Release|Any CPU
		{CC520223-8648-4BCE-898E-7599AE40EEAB}.Release|Any CPU.Build.0 = Release|Any CPU
		{6AC6099B-5172-4235-B291-12D4D37ED29A}.Debug|Any CPU.ActiveCfg = Debug|Any CPU
		{6AC6099B-5172-4235-B291-12D4D37ED29A}.Debug|Any CPU.Build.0 = Debug|Any CPU
		{6AC6099B-5172-4235-B291-12D4D37ED29A}.Release|Any CPU.ActiveCfg = Release|Any CPU
		{6AC6099B-5172-4235-B291-12D4D37ED29A}.Release|Any CPU.Build.0 = Release|Any CPU
		{64F5497D-338E-4BF9-9691-9200E46D2C71}.Debug|Any CPU.ActiveCfg = Debug|Any CPU
		{64F5497D-338E-4BF9-9691-9200E46D2C71}.Debug|Any CPU.Build.0 = Debug|Any CPU
		{64F5497D-338E-4BF9-9691-9200E46D2C71}.Release|Any CPU.ActiveCfg = Release|Any CPU
		{64F5497D-338E-4BF9-9691-9200E46D2C71}.Release|Any CPU.Build.0 = Release|Any CPU
	EndGlobalSection
	GlobalSection(SolutionProperties) = preSolution
		HideSolutionNode = FALSE
	EndGlobalSection
EndGlobal
